// !$*UTF8*$!
{
	archiveVersion = 1;
	classes = {
	};
	objectVersion = 50;
	objects = {

/* Begin PBXBuildFile section */
		541A75A424C61BED006BBBE3 /* LocationModel.swift in Sources */ = {isa = PBXBuildFile; fileRef = 541A75A324C61BED006BBBE3 /* LocationModel.swift */; };
		541A75A524C61BED006BBBE3 /* LocationModel.swift in Sources */ = {isa = PBXBuildFile; fileRef = 541A75A324C61BED006BBBE3 /* LocationModel.swift */; };
		541A75A724C61C37006BBBE3 /* PointOfInterest.swift in Sources */ = {isa = PBXBuildFile; fileRef = 541A75A624C61C37006BBBE3 /* PointOfInterest.swift */; };
		541A75A824C61C37006BBBE3 /* PointOfInterest.swift in Sources */ = {isa = PBXBuildFile; fileRef = 541A75A624C61C37006BBBE3 /* PointOfInterest.swift */; };
		5477E43224C97D590018B84E /* SidebarItemRow.swift in Sources */ = {isa = PBXBuildFile; fileRef = 5477E43124C97D590018B84E /* SidebarItemRow.swift */; };
		5477E43324C97D590018B84E /* SidebarItemRow.swift in Sources */ = {isa = PBXBuildFile; fileRef = 5477E43124C97D590018B84E /* SidebarItemRow.swift */; };
		5482607D24C4CA17007643C1 /* SwiftUIMultiSplitViewAppApp.swift in Sources */ = {isa = PBXBuildFile; fileRef = 5482606A24C4CA15007643C1 /* SwiftUIMultiSplitViewAppApp.swift */; };
		5482607E24C4CA17007643C1 /* SwiftUIMultiSplitViewAppApp.swift in Sources */ = {isa = PBXBuildFile; fileRef = 5482606A24C4CA15007643C1 /* SwiftUIMultiSplitViewAppApp.swift */; };
		5482607F24C4CA17007643C1 /* ContentView.swift in Sources */ = {isa = PBXBuildFile; fileRef = 5482606B24C4CA15007643C1 /* ContentView.swift */; };
		5482608024C4CA17007643C1 /* ContentView.swift in Sources */ = {isa = PBXBuildFile; fileRef = 5482606B24C4CA15007643C1 /* ContentView.swift */; };
		5482608124C4CA17007643C1 /* Assets.xcassets in Resources */ = {isa = PBXBuildFile; fileRef = 5482606C24C4CA17007643C1 /* Assets.xcassets */; };
		5482608224C4CA17007643C1 /* Assets.xcassets in Resources */ = {isa = PBXBuildFile; fileRef = 5482606C24C4CA17007643C1 /* Assets.xcassets */; };
		5482608D24C4CA50007643C1 /* SplitviewModel.swift in Sources */ = {isa = PBXBuildFile; fileRef = 5482608C24C4CA50007643C1 /* SplitviewModel.swift */; };
		5482608F24C4CA5A007643C1 /* Category.swift in Sources */ = {isa = PBXBuildFile; fileRef = 5482608E24C4CA5A007643C1 /* Category.swift */; };
		5482609124C4CA66007643C1 /* CategoryItem.swift in Sources */ = {isa = PBXBuildFile; fileRef = 5482609024C4CA66007643C1 /* CategoryItem.swift */; };
		5482609424C4CD42007643C1 /* SideBarView.swift in Sources */ = {isa = PBXBuildFile; fileRef = 5482609324C4CD42007643C1 /* SideBarView.swift */; };
		5482609824C4CD7B007643C1 /* ItemListView.swift in Sources */ = {isa = PBXBuildFile; fileRef = 5482609724C4CD7B007643C1 /* ItemListView.swift */; };
		5482609A24C4CD91007643C1 /* ItemDetailView.swift in Sources */ = {isa = PBXBuildFile; fileRef = 5482609924C4CD91007643C1 /* ItemDetailView.swift */; };
		5482609B24C4CE74007643C1 /* SideBarView.swift in Sources */ = {isa = PBXBuildFile; fileRef = 5482609324C4CD42007643C1 /* SideBarView.swift */; };
		5482609C24C4CE77007643C1 /* ItemListView.swift in Sources */ = {isa = PBXBuildFile; fileRef = 5482609724C4CD7B007643C1 /* ItemListView.swift */; };
		5482609D24C4CE7A007643C1 /* ItemDetailView.swift in Sources */ = {isa = PBXBuildFile; fileRef = 5482609924C4CD91007643C1 /* ItemDetailView.swift */; };
		5482609E24C4CE7E007643C1 /* SplitviewModel.swift in Sources */ = {isa = PBXBuildFile; fileRef = 5482608C24C4CA50007643C1 /* SplitviewModel.swift */; };
		5482609F24C4CE7F007643C1 /* Category.swift in Sources */ = {isa = PBXBuildFile; fileRef = 5482608E24C4CA5A007643C1 /* Category.swift */; };
		548260A024C4CE82007643C1 /* CategoryItem.swift in Sources */ = {isa = PBXBuildFile; fileRef = 5482609024C4CA66007643C1 /* CategoryItem.swift */; };
		548260A324C4E7B5007643C1 /* View+ext.swift in Sources */ = {isa = PBXBuildFile; fileRef = 548260A224C4E7B5007643C1 /* View+ext.swift */; };
		548260A424C4E7C8007643C1 /* View+ext.swift in Sources */ = {isa = PBXBuildFile; fileRef = 548260A224C4E7B5007643C1 /* View+ext.swift */; };
		54C2014724C790DE001C4D52 /* UserData.swift in Sources */ = {isa = PBXBuildFile; fileRef = 54C2014624C790DE001C4D52 /* UserData.swift */; };
		54C2014824C790DE001C4D52 /* UserData.swift in Sources */ = {isa = PBXBuildFile; fileRef = 54C2014624C790DE001C4D52 /* UserData.swift */; };
		54C2014A24C79106001C4D52 /* PropertiesView.swift in Sources */ = {isa = PBXBuildFile; fileRef = 54C2014924C79106001C4D52 /* PropertiesView.swift */; };
		54C2014B24C79106001C4D52 /* PropertiesView.swift in Sources */ = {isa = PBXBuildFile; fileRef = 54C2014924C79106001C4D52 /* PropertiesView.swift */; };
		54C2015124C8169D001C4D52 /* DetailedReadOnlyContentView.swift in Sources */ = {isa = PBXBuildFile; fileRef = 54C2015024C8169D001C4D52 /* DetailedReadOnlyContentView.swift */; };
		54C2015224C8169D001C4D52 /* DetailedReadOnlyContentView.swift in Sources */ = {isa = PBXBuildFile; fileRef = 54C2015024C8169D001C4D52 /* DetailedReadOnlyContentView.swift */; };
		54C2015424C818F1001C4D52 /* DetailedEditView.swift in Sources */ = {isa = PBXBuildFile; fileRef = 54C2015324C818F1001C4D52 /* DetailedEditView.swift */; };
		54C2015524C818F1001C4D52 /* DetailedEditView.swift in Sources */ = {isa = PBXBuildFile; fileRef = 54C2015324C818F1001C4D52 /* DetailedEditView.swift */; };
/* End PBXBuildFile section */

/* Begin PBXFileReference section */
		541A75A324C61BED006BBBE3 /* LocationModel.swift */ = {isa = PBXFileReference; lastKnownFileType = sourcecode.swift; path = LocationModel.swift; sourceTree = "<group>"; };
		541A75A624C61C37006BBBE3 /* PointOfInterest.swift */ = {isa = PBXFileReference; lastKnownFileType = sourcecode.swift; path = PointOfInterest.swift; sourceTree = "<group>"; };
		5477E43124C97D590018B84E /* SidebarItemRow.swift */ = {isa = PBXFileReference; lastKnownFileType = sourcecode.swift; path = SidebarItemRow.swift; sourceTree = "<group>"; };
		5482606A24C4CA15007643C1 /* SwiftUIMultiSplitViewAppApp.swift */ = {isa = PBXFileReference; lastKnownFileType = sourcecode.swift; path = SwiftUIMultiSplitViewAppApp.swift; sourceTree = "<group>"; };
		5482606B24C4CA15007643C1 /* ContentView.swift */ = {isa = PBXFileReference; lastKnownFileType = sourcecode.swift; path = ContentView.swift; sourceTree = "<group>"; };
		5482606C24C4CA17007643C1 /* Assets.xcassets */ = {isa = PBXFileReference; lastKnownFileType = folder.assetcatalog; path = Assets.xcassets; sourceTree = "<group>"; };
		5482607124C4CA17007643C1 /* SwiftUIMultiSplitViewApp.app */ = {isa = PBXFileReference; explicitFileType = wrapper.application; includeInIndex = 0; path = SwiftUIMultiSplitViewApp.app; sourceTree = BUILT_PRODUCTS_DIR; };
		5482607424C4CA17007643C1 /* Info.plist */ = {isa = PBXFileReference; lastKnownFileType = text.plist.xml; path = Info.plist; sourceTree = "<group>"; };
		5482607924C4CA17007643C1 /* SwiftUIMultiSplitViewApp.app */ = {isa = PBXFileReference; explicitFileType = wrapper.application; includeInIndex = 0; path = SwiftUIMultiSplitViewApp.app; sourceTree = BUILT_PRODUCTS_DIR; };
		5482607B24C4CA17007643C1 /* Info.plist */ = {isa = PBXFileReference; lastKnownFileType = text.plist.xml; path = Info.plist; sourceTree = "<group>"; };
		5482607C24C4CA17007643C1 /* macOS.entitlements */ = {isa = PBXFileReference; lastKnownFileType = text.plist.entitlements; path = macOS.entitlements; sourceTree = "<group>"; };
		5482608C24C4CA50007643C1 /* SplitviewModel.swift */ = {isa = PBXFileReference; lastKnownFileType = sourcecode.swift; path = SplitviewModel.swift; sourceTree = "<group>"; };
		5482608E24C4CA5A007643C1 /* Category.swift */ = {isa = PBXFileReference; lastKnownFileType = sourcecode.swift; path = Category.swift; sourceTree = "<group>"; };
		5482609024C4CA66007643C1 /* CategoryItem.swift */ = {isa = PBXFileReference; lastKnownFileType = sourcecode.swift; path = CategoryItem.swift; sourceTree = "<group>"; };
		5482609324C4CD42007643C1 /* SideBarView.swift */ = {isa = PBXFileReference; lastKnownFileType = sourcecode.swift; path = SideBarView.swift; sourceTree = "<group>"; };
		5482609724C4CD7B007643C1 /* ItemListView.swift */ = {isa = PBXFileReference; lastKnownFileType = sourcecode.swift; path = ItemListView.swift; sourceTree = "<group>"; };
		5482609924C4CD91007643C1 /* ItemDetailView.swift */ = {isa = PBXFileReference; lastKnownFileType = sourcecode.swift; path = ItemDetailView.swift; sourceTree = "<group>"; };
		548260A224C4E7B5007643C1 /* View+ext.swift */ = {isa = PBXFileReference; lastKnownFileType = sourcecode.swift; path = "View+ext.swift"; sourceTree = "<group>"; };
		54C2014624C790DE001C4D52 /* UserData.swift */ = {isa = PBXFileReference; lastKnownFileType = sourcecode.swift; path = UserData.swift; sourceTree = "<group>"; };
		54C2014924C79106001C4D52 /* PropertiesView.swift */ = {isa = PBXFileReference; lastKnownFileType = sourcecode.swift; path = PropertiesView.swift; sourceTree = "<group>"; };
		54C2015024C8169D001C4D52 /* DetailedReadOnlyContentView.swift */ = {isa = PBXFileReference; lastKnownFileType = sourcecode.swift; path = DetailedReadOnlyContentView.swift; sourceTree = "<group>"; };
		54C2015324C818F1001C4D52 /* DetailedEditView.swift */ = {isa = PBXFileReference; lastKnownFileType = sourcecode.swift; path = DetailedEditView.swift; sourceTree = "<group>"; };
/* End PBXFileReference section */

/* Begin PBXFrameworksBuildPhase section */
		5482606E24C4CA17007643C1 /* Frameworks */ = {
			isa = PBXFrameworksBuildPhase;
			buildActionMask = 2147483647;
			files = (
			);
			runOnlyForDeploymentPostprocessing = 0;
		};
		5482607624C4CA17007643C1 /* Frameworks */ = {
			isa = PBXFrameworksBuildPhase;
			buildActionMask = 2147483647;
			files = (
			);
			runOnlyForDeploymentPostprocessing = 0;
		};
/* End PBXFrameworksBuildPhase section */

/* Begin PBXGroup section */
		541A759F24C61ABB006BBBE3 /* SplitviewFrontend */ = {
			isa = PBXGroup;
			children = (
				5482608B24C4CA43007643C1 /* Model */,
				5482609224C4CD1A007643C1 /* Views */,
			);
			path = SplitviewFrontend;
			sourceTree = "<group>";
		};
		541A75A124C61ADD006BBBE3 /* AppDomain */ = {
			isa = PBXGroup;
			children = (
				541A75A224C61AE6006BBBE3 /* Model */,
			);
			path = AppDomain;
			sourceTree = "<group>";
		};
		541A75A224C61AE6006BBBE3 /* Model */ = {
			isa = PBXGroup;
			children = (
				541A75A324C61BED006BBBE3 /* LocationModel.swift */,
				541A75A624C61C37006BBBE3 /* PointOfInterest.swift */,
			);
			path = Model;
			sourceTree = "<group>";
		};
		5482606424C4CA15007643C1 = {
			isa = PBXGroup;
			children = (
				5482606924C4CA15007643C1 /* Shared */,
				5482607324C4CA17007643C1 /* iOS */,
				5482607A24C4CA17007643C1 /* macOS */,
				5482607224C4CA17007643C1 /* Products */,
			);
			sourceTree = "<group>";
		};
		5482606924C4CA15007643C1 /* Shared */ = {
			isa = PBXGroup;
			children = (
				541A75A124C61ADD006BBBE3 /* AppDomain */,
				541A759F24C61ABB006BBBE3 /* SplitviewFrontend */,
				5482606A24C4CA15007643C1 /* SwiftUIMultiSplitViewAppApp.swift */,
				5482606C24C4CA17007643C1 /* Assets.xcassets */,
			);
			path = Shared;
			sourceTree = "<group>";
		};
		5482607224C4CA17007643C1 /* Products */ = {
			isa = PBXGroup;
			children = (
				5482607124C4CA17007643C1 /* SwiftUIMultiSplitViewApp.app */,
				5482607924C4CA17007643C1 /* SwiftUIMultiSplitViewApp.app */,
			);
			name = Products;
			sourceTree = "<group>";
		};
		5482607324C4CA17007643C1 /* iOS */ = {
			isa = PBXGroup;
			children = (
				5482607424C4CA17007643C1 /* Info.plist */,
			);
			path = iOS;
			sourceTree = "<group>";
		};
		5482607A24C4CA17007643C1 /* macOS */ = {
			isa = PBXGroup;
			children = (
				5482607B24C4CA17007643C1 /* Info.plist */,
				5482607C24C4CA17007643C1 /* macOS.entitlements */,
			);
			path = macOS;
			sourceTree = "<group>";
		};
		5482608B24C4CA43007643C1 /* Model */ = {
			isa = PBXGroup;
			children = (
				5482608C24C4CA50007643C1 /* SplitviewModel.swift */,
				5482608E24C4CA5A007643C1 /* Category.swift */,
				5482609024C4CA66007643C1 /* CategoryItem.swift */,
				54C2014624C790DE001C4D52 /* UserData.swift */,
			);
			path = Model;
			sourceTree = "<group>";
		};
		5482609224C4CD1A007643C1 /* Views */ = {
			isa = PBXGroup;
			children = (
				548260A124C4E7A2007643C1 /* Extensions */,
				5482606B24C4CA15007643C1 /* ContentView.swift */,
				5482609324C4CD42007643C1 /* SideBarView.swift */,
				5477E43124C97D590018B84E /* SidebarItemRow.swift */,
				5482609724C4CD7B007643C1 /* ItemListView.swift */,
				5482609924C4CD91007643C1 /* ItemDetailView.swift */,
				54C2014924C79106001C4D52 /* PropertiesView.swift */,
				54C2015024C8169D001C4D52 /* DetailedReadOnlyContentView.swift */,
				54C2015324C818F1001C4D52 /* DetailedEditView.swift */,
			);
			path = Views;
			sourceTree = "<group>";
		};
		548260A124C4E7A2007643C1 /* Extensions */ = {
			isa = PBXGroup;
			children = (
				548260A224C4E7B5007643C1 /* View+ext.swift */,
			);
			path = Extensions;
			sourceTree = "<group>";
		};
/* End PBXGroup section */

/* Begin PBXNativeTarget section */
		5482607024C4CA17007643C1 /* iOS */ = {
			isa = PBXNativeTarget;
			buildConfigurationList = 5482608524C4CA17007643C1 /* Build configuration list for PBXNativeTarget "iOS" */;
			buildPhases = (
				5482606D24C4CA17007643C1 /* Sources */,
				5482606E24C4CA17007643C1 /* Frameworks */,
				5482606F24C4CA17007643C1 /* Resources */,
			);
			buildRules = (
			);
			dependencies = (
			);
			name = iOS;
			productName = iOS;
			productReference = 5482607124C4CA17007643C1 /* SwiftUIMultiSplitViewApp.app */;
			productType = "com.apple.product-type.application";
		};
		5482607824C4CA17007643C1 /* macOS */ = {
			isa = PBXNativeTarget;
			buildConfigurationList = 5482608824C4CA17007643C1 /* Build configuration list for PBXNativeTarget "macOS" */;
			buildPhases = (
				5482607524C4CA17007643C1 /* Sources */,
				5482607624C4CA17007643C1 /* Frameworks */,
				5482607724C4CA17007643C1 /* Resources */,
			);
			buildRules = (
			);
			dependencies = (
			);
			name = macOS;
			productName = macOS;
			productReference = 5482607924C4CA17007643C1 /* SwiftUIMultiSplitViewApp.app */;
			productType = "com.apple.product-type.application";
		};
/* End PBXNativeTarget section */

/* Begin PBXProject section */
		5482606524C4CA15007643C1 /* Project object */ = {
			isa = PBXProject;
			attributes = {
				LastSwiftUpdateCheck = 1200;
				LastUpgradeCheck = 1200;
				TargetAttributes = {
					5482607024C4CA17007643C1 = {
						CreatedOnToolsVersion = 12.0;
					};
					5482607824C4CA17007643C1 = {
						CreatedOnToolsVersion = 12.0;
					};
				};
			};
			buildConfigurationList = 5482606824C4CA15007643C1 /* Build configuration list for PBXProject "SwiftUIMultiSplitViewApp" */;
			compatibilityVersion = "Xcode 9.3";
			developmentRegion = en;
			hasScannedForEncodings = 0;
			knownRegions = (
				en,
				Base,
			);
			mainGroup = 5482606424C4CA15007643C1;
			productRefGroup = 5482607224C4CA17007643C1 /* Products */;
			projectDirPath = "";
			projectRoot = "";
			targets = (
				5482607024C4CA17007643C1 /* iOS */,
				5482607824C4CA17007643C1 /* macOS */,
			);
		};
/* End PBXProject section */

/* Begin PBXResourcesBuildPhase section */
		5482606F24C4CA17007643C1 /* Resources */ = {
			isa = PBXResourcesBuildPhase;
			buildActionMask = 2147483647;
			files = (
				5482608124C4CA17007643C1 /* Assets.xcassets in Resources */,
			);
			runOnlyForDeploymentPostprocessing = 0;
		};
		5482607724C4CA17007643C1 /* Resources */ = {
			isa = PBXResourcesBuildPhase;
			buildActionMask = 2147483647;
			files = (
				5482608224C4CA17007643C1 /* Assets.xcassets in Resources */,
			);
			runOnlyForDeploymentPostprocessing = 0;
		};
/* End PBXResourcesBuildPhase section */

/* Begin PBXSourcesBuildPhase section */
		5482606D24C4CA17007643C1 /* Sources */ = {
			isa = PBXSourcesBuildPhase;
			buildActionMask = 2147483647;
			files = (
				5477E43224C97D590018B84E /* SidebarItemRow.swift in Sources */,
				5482609124C4CA66007643C1 /* CategoryItem.swift in Sources */,
				5482608D24C4CA50007643C1 /* SplitviewModel.swift in Sources */,
				548260A324C4E7B5007643C1 /* View+ext.swift in Sources */,
				5482607F24C4CA17007643C1 /* ContentView.swift in Sources */,
				5482609424C4CD42007643C1 /* SideBarView.swift in Sources */,
				5482609A24C4CD91007643C1 /* ItemDetailView.swift in Sources */,
				54C2014724C790DE001C4D52 /* UserData.swift in Sources */,
				5482607D24C4CA17007643C1 /* SwiftUIMultiSplitViewAppApp.swift in Sources */,
				54C2015124C8169D001C4D52 /* DetailedReadOnlyContentView.swift in Sources */,
				54C2014A24C79106001C4D52 /* PropertiesView.swift in Sources */,
				5482608F24C4CA5A007643C1 /* Category.swift in Sources */,
				54C2015424C818F1001C4D52 /* DetailedEditView.swift in Sources */,
				541A75A724C61C37006BBBE3 /* PointOfInterest.swift in Sources */,
				541A75A424C61BED006BBBE3 /* LocationModel.swift in Sources */,
				5482609824C4CD7B007643C1 /* ItemListView.swift in Sources */,
			);
			runOnlyForDeploymentPostprocessing = 0;
		};
		5482607524C4CA17007643C1 /* Sources */ = {
			isa = PBXSourcesBuildPhase;
			buildActionMask = 2147483647;
			files = (
				5477E43324C97D590018B84E /* SidebarItemRow.swift in Sources */,
				5482609D24C4CE7A007643C1 /* ItemDetailView.swift in Sources */,
				5482609B24C4CE74007643C1 /* SideBarView.swift in Sources */,
				548260A424C4E7C8007643C1 /* View+ext.swift in Sources */,
				5482608024C4CA17007643C1 /* ContentView.swift in Sources */,
				5482609E24C4CE7E007643C1 /* SplitviewModel.swift in Sources */,
				548260A024C4CE82007643C1 /* CategoryItem.swift in Sources */,
				54C2014824C790DE001C4D52 /* UserData.swift in Sources */,
				5482607E24C4CA17007643C1 /* SwiftUIMultiSplitViewAppApp.swift in Sources */,
				54C2015224C8169D001C4D52 /* DetailedReadOnlyContentView.swift in Sources */,
				54C2014B24C79106001C4D52 /* PropertiesView.swift in Sources */,
				5482609C24C4CE77007643C1 /* ItemListView.swift in Sources */,
				54C2015524C818F1001C4D52 /* DetailedEditView.swift in Sources */,
				541A75A824C61C37006BBBE3 /* PointOfInterest.swift in Sources */,
				541A75A524C61BED006BBBE3 /* LocationModel.swift in Sources */,
				5482609F24C4CE7F007643C1 /* Category.swift in Sources */,
			);
			runOnlyForDeploymentPostprocessing = 0;
		};
/* End PBXSourcesBuildPhase section */

/* Begin XCBuildConfiguration section */
		5482608324C4CA17007643C1 /* Debug */ = {
			isa = XCBuildConfiguration;
			buildSettings = {
				ALWAYS_SEARCH_USER_PATHS = NO;
				CLANG_ANALYZER_NONNULL = YES;
				CLANG_ANALYZER_NUMBER_OBJECT_CONVERSION = YES_AGGRESSIVE;
				CLANG_CXX_LANGUAGE_STANDARD = "gnu++14";
				CLANG_CXX_LIBRARY = "libc++";
				CLANG_ENABLE_MODULES = YES;
				CLANG_ENABLE_OBJC_ARC = YES;
				CLANG_ENABLE_OBJC_WEAK = YES;
				CLANG_WARN_BLOCK_CAPTURE_AUTORELEASING = YES;
				CLANG_WARN_BOOL_CONVERSION = YES;
				CLANG_WARN_COMMA = YES;
				CLANG_WARN_CONSTANT_CONVERSION = YES;
				CLANG_WARN_DEPRECATED_OBJC_IMPLEMENTATIONS = YES;
				CLANG_WARN_DIRECT_OBJC_ISA_USAGE = YES_ERROR;
				CLANG_WARN_DOCUMENTATION_COMMENTS = YES;
				CLANG_WARN_EMPTY_BODY = YES;
				CLANG_WARN_ENUM_CONVERSION = YES;
				CLANG_WARN_INFINITE_RECURSION = YES;
				CLANG_WARN_INT_CONVERSION = YES;
				CLANG_WARN_NON_LITERAL_NULL_CONVERSION = YES;
				CLANG_WARN_OBJC_IMPLICIT_RETAIN_SELF = YES;
				CLANG_WARN_OBJC_LITERAL_CONVERSION = YES;
				CLANG_WARN_OBJC_ROOT_CLASS = YES_ERROR;
				CLANG_WARN_QUOTED_INCLUDE_IN_FRAMEWORK_HEADER = YES;
				CLANG_WARN_RANGE_LOOP_ANALYSIS = YES;
				CLANG_WARN_STRICT_PROTOTYPES = YES;
				CLANG_WARN_SUSPICIOUS_MOVE = YES;
				CLANG_WARN_UNGUARDED_AVAILABILITY = YES_AGGRESSIVE;
				CLANG_WARN_UNREACHABLE_CODE = YES;
				CLANG_WARN__DUPLICATE_METHOD_MATCH = YES;
				COPY_PHASE_STRIP = NO;
				DEBUG_INFORMATION_FORMAT = dwarf;
				ENABLE_STRICT_OBJC_MSGSEND = YES;
				ENABLE_TESTABILITY = YES;
				GCC_C_LANGUAGE_STANDARD = gnu11;
				GCC_DYNAMIC_NO_PIC = NO;
				GCC_NO_COMMON_BLOCKS = YES;
				GCC_OPTIMIZATION_LEVEL = 0;
				GCC_PREPROCESSOR_DEFINITIONS = (
					"DEBUG=1",
					"$(inherited)",
				);
				GCC_WARN_64_TO_32_BIT_CONVERSION = YES;
				GCC_WARN_ABOUT_RETURN_TYPE = YES_ERROR;
				GCC_WARN_UNDECLARED_SELECTOR = YES;
				GCC_WARN_UNINITIALIZED_AUTOS = YES_AGGRESSIVE;
				GCC_WARN_UNUSED_FUNCTION = YES;
				GCC_WARN_UNUSED_VARIABLE = YES;
				MTL_ENABLE_DEBUG_INFO = INCLUDE_SOURCE;
				MTL_FAST_MATH = YES;
				ONLY_ACTIVE_ARCH = YES;
				SWIFT_ACTIVE_COMPILATION_CONDITIONS = DEBUG;
				SWIFT_OPTIMIZATION_LEVEL = "-Onone";
			};
			name = Debug;
		};
		5482608424C4CA17007643C1 /* Release */ = {
			isa = XCBuildConfiguration;
			buildSettings = {
				ALWAYS_SEARCH_USER_PATHS = NO;
				CLANG_ANALYZER_NONNULL = YES;
				CLANG_ANALYZER_NUMBER_OBJECT_CONVERSION = YES_AGGRESSIVE;
				CLANG_CXX_LANGUAGE_STANDARD = "gnu++14";
				CLANG_CXX_LIBRARY = "libc++";
				CLANG_ENABLE_MODULES = YES;
				CLANG_ENABLE_OBJC_ARC = YES;
				CLANG_ENABLE_OBJC_WEAK = YES;
				CLANG_WARN_BLOCK_CAPTURE_AUTORELEASING = YES;
				CLANG_WARN_BOOL_CONVERSION = YES;
				CLANG_WARN_COMMA = YES;
				CLANG_WARN_CONSTANT_CONVERSION = YES;
				CLANG_WARN_DEPRECATED_OBJC_IMPLEMENTATIONS = YES;
				CLANG_WARN_DIRECT_OBJC_ISA_USAGE = YES_ERROR;
				CLANG_WARN_DOCUMENTATION_COMMENTS = YES;
				CLANG_WARN_EMPTY_BODY = YES;
				CLANG_WARN_ENUM_CONVERSION = YES;
				CLANG_WARN_INFINITE_RECURSION = YES;
				CLANG_WARN_INT_CONVERSION = YES;
				CLANG_WARN_NON_LITERAL_NULL_CONVERSION = YES;
				CLANG_WARN_OBJC_IMPLICIT_RETAIN_SELF = YES;
				CLANG_WARN_OBJC_LITERAL_CONVERSION = YES;
				CLANG_WARN_OBJC_ROOT_CLASS = YES_ERROR;
				CLANG_WARN_QUOTED_INCLUDE_IN_FRAMEWORK_HEADER = YES;
				CLANG_WARN_RANGE_LOOP_ANALYSIS = YES;
				CLANG_WARN_STRICT_PROTOTYPES = YES;
				CLANG_WARN_SUSPICIOUS_MOVE = YES;
				CLANG_WARN_UNGUARDED_AVAILABILITY = YES_AGGRESSIVE;
				CLANG_WARN_UNREACHABLE_CODE = YES;
				CLANG_WARN__DUPLICATE_METHOD_MATCH = YES;
				COPY_PHASE_STRIP = NO;
				DEBUG_INFORMATION_FORMAT = "dwarf-with-dsym";
				ENABLE_NS_ASSERTIONS = NO;
				ENABLE_STRICT_OBJC_MSGSEND = YES;
				GCC_C_LANGUAGE_STANDARD = gnu11;
				GCC_NO_COMMON_BLOCKS = YES;
				GCC_WARN_64_TO_32_BIT_CONVERSION = YES;
				GCC_WARN_ABOUT_RETURN_TYPE = YES_ERROR;
				GCC_WARN_UNDECLARED_SELECTOR = YES;
				GCC_WARN_UNINITIALIZED_AUTOS = YES_AGGRESSIVE;
				GCC_WARN_UNUSED_FUNCTION = YES;
				GCC_WARN_UNUSED_VARIABLE = YES;
				MTL_ENABLE_DEBUG_INFO = NO;
				MTL_FAST_MATH = YES;
				SWIFT_COMPILATION_MODE = wholemodule;
				SWIFT_OPTIMIZATION_LEVEL = "-O";
			};
			name = Release;
		};
		5482608624C4CA17007643C1 /* Debug */ = {
			isa = XCBuildConfiguration;
			buildSettings = {
				ASSETCATALOG_COMPILER_APPICON_NAME = AppIcon;
				ASSETCATALOG_COMPILER_GLOBAL_ACCENT_COLOR_NAME = AccentColor;
				CODE_SIGN_STYLE = Automatic;
				DEVELOPMENT_TEAM = ZTF477US4D;
				ENABLE_PREVIEWS = YES;
				INFOPLIST_FILE = iOS/Info.plist;
				IPHONEOS_DEPLOYMENT_TARGET = 14.0;
				LD_RUNPATH_SEARCH_PATHS = (
					"$(inherited)",
					"@executable_path/Frameworks",
				);
				PRODUCT_BUNDLE_IDENTIFIER = "de.h-mayer.SwiftUIMultiSplitViewApp";
				PRODUCT_NAME = SwiftUIMultiSplitViewApp;
				SDKROOT = iphoneos;
				SWIFT_VERSION = 5.0;
				TARGETED_DEVICE_FAMILY = "1,2";
			};
			name = Debug;
		};
		5482608724C4CA17007643C1 /* Release */ = {
			isa = XCBuildConfiguration;
			buildSettings = {
				ASSETCATALOG_COMPILER_APPICON_NAME = AppIcon;
				ASSETCATALOG_COMPILER_GLOBAL_ACCENT_COLOR_NAME = AccentColor;
				CODE_SIGN_STYLE = Automatic;
				DEVELOPMENT_TEAM = ZTF477US4D;
				ENABLE_PREVIEWS = YES;
				INFOPLIST_FILE = iOS/Info.plist;
				IPHONEOS_DEPLOYMENT_TARGET = 14.0;
				LD_RUNPATH_SEARCH_PATHS = (
					"$(inherited)",
					"@executable_path/Frameworks",
				);
				PRODUCT_BUNDLE_IDENTIFIER = "de.h-mayer.SwiftUIMultiSplitViewApp";
				PRODUCT_NAME = SwiftUIMultiSplitViewApp;
				SDKROOT = iphoneos;
				SWIFT_VERSION = 5.0;
				TARGETED_DEVICE_FAMILY = "1,2";
				VALIDATE_PRODUCT = YES;
			};
			name = Release;
		};
		5482608924C4CA17007643C1 /* Debug */ = {
			isa = XCBuildConfiguration;
			buildSettings = {
				ASSETCATALOG_COMPILER_APPICON_NAME = AppIcon;
				ASSETCATALOG_COMPILER_GLOBAL_ACCENT_COLOR_NAME = AccentColor;
				CODE_SIGN_ENTITLEMENTS = macOS/macOS.entitlements;
				CODE_SIGN_STYLE = Automatic;
				COMBINE_HIDPI_IMAGES = YES;
				DEVELOPMENT_TEAM = ZTF477US4D;
				ENABLE_HARDENED_RUNTIME = YES;
				ENABLE_PREVIEWS = YES;
				INFOPLIST_FILE = macOS/Info.plist;
				LD_RUNPATH_SEARCH_PATHS = (
					"$(inherited)",
					"@executable_path/../Frameworks",
				);
				MACOSX_DEPLOYMENT_TARGET = 10.16;
				PRODUCT_BUNDLE_IDENTIFIER = "de.h-mayer.SwiftUIMultiSplitViewApp";
				PRODUCT_NAME = SwiftUIMultiSplitViewApp;
				SDKROOT = macosx;
				SWIFT_VERSION = 5.0;
			};
			name = Debug;
		};
		5482608A24C4CA17007643C1 /* Release */ = {
			isa = XCBuildConfiguration;
			buildSettings = {
				ASSETCATALOG_COMPILER_APPICON_NAME = AppIcon;
				ASSETCATALOG_COMPILER_GLOBAL_ACCENT_COLOR_NAME = AccentColor;
				CODE_SIGN_ENTITLEMENTS = macOS/macOS.entitlements;
				CODE_SIGN_STYLE = Automatic;
				COMBINE_HIDPI_IMAGES = YES;
				DEVELOPMENT_TEAM = ZTF477US4D;
				ENABLE_HARDENED_RUNTIME = YES;
				ENABLE_PREVIEWS = YES;
				INFOPLIST_FILE = macOS/Info.plist;
				LD_RUNPATH_SEARCH_PATHS = (
					"$(inherited)",
					"@executable_path/../Frameworks",
				);
				MACOSX_DEPLOYMENT_TARGET = 10.16;
				PRODUCT_BUNDLE_IDENTIFIER = "de.h-mayer.SwiftUIMultiSplitViewApp";
				PRODUCT_NAME = SwiftUIMultiSplitViewApp;
				SDKROOT = macosx;
				SWIFT_VERSION = 5.0;
			};
			name = Release;
		};
/* End XCBuildConfiguration section */

/* Begin XCConfigurationList section */
		5482606824C4CA15007643C1 /* Build configuration list for PBXProject "SwiftUIMultiSplitViewApp" */ = {
			isa = XCConfigurationList;
			buildConfigurations = (
				5482608324C4CA17007643C1 /* Debug */,
				5482608424C4CA17007643C1 /* Release */,
			);
			defaultConfigurationIsVisible = 0;
			defaultConfigurationName = Release;
		};
		5482608524C4CA17007643C1 /* Build configuration list for PBXNativeTarget "iOS" */ = {
			isa = XCConfigurationList;
			buildConfigurations = (
				5482608624C4CA17007643C1 /* Debug */,
				5482608724C4CA17007643C1 /* Release */,
			);
			defaultConfigurationIsVisible = 0;
			defaultConfigurationName = Release;
		};
		5482608824C4CA17007643C1 /* Build configuration list for PBXNativeTarget "macOS" */ = {
			isa = XCConfigurationList;
			buildConfigurations = (
				5482608924C4CA17007643C1 /* Debug */,
				5482608A24C4CA17007643C1 /* Release */,
			);
			defaultConfigurationIsVisible = 0;
			defaultConfigurationName = Release;
		};
/* End XCConfigurationList section */
	};
	rootObject = 5482606524C4CA15007643C1 /* Project object */;
}
